
Microsoft Visual Studio Solution File, Format Version 12.00
# Visual Studio Version 17
VisualStudioVersion = 17.14.36616.10
MinimumVisualStudioVersion = 10.0.40219.1
Project("{FAE04EC0-301F-11D3-BF4B-00C04F79EFBC}") = "Calculadora", "Calculadora\Calculadora.csproj", "{74FFEC68-473C-46EC-902A-A19E590D21DC}"
EndProject
Project("{2150E333-8FDC-42A3-9474-1A3956D46DE8}") = "Itens de Solução", "Itens de Solução", "{380A7511-A354-6D7A-0CC0-8FA1F1BA7B6C}"
	ProjectSection(SolutionItems) = preProject
		.gitignore = .gitignore
	EndProjectSection
EndProject
Project("{FAE04EC0-301F-11D3-BF4B-00C04F79EFBC}") = "SomaMedia", "..\SomaMedia\SomaMedia.csproj", "{3BB006B1-626B-49A0-92AC-9849031A9EEB}"
EndProject
Project("{FAE04EC0-301F-11D3-BF4B-00C04F79EFBC}") = "JogandoDados", "..\JogandoDados\JogandoDados.csproj", "{C75A1D78-F408-4B21-BCA3-6080CFA13EC8}"
EndProject
Project("{FAE04EC0-301F-11D3-BF4B-00C04F79EFBC}") = "Datas", "..\Datas\Datas.csproj", "{0D256E50-DD48-4CC0-8049-46E6FACC5490}"
EndProject
Project("{FAE04EC0-301F-11D3-BF4B-00C04F79EFBC}") = "AdvinhandoNumero", "..\AdvinhandoNumero\AdvinhandoNumero.csproj", "{71C22366-8344-4AA6-B154-E3F52CDF1E7C}"
EndProject
Project("{FAE04EC0-301F-11D3-BF4B-00C04F79EFBC}") = "MiniAgenda", "..\MiniAgenda\MiniAgenda.csproj", "{E3F7B8AD-C7C0-45BD-A7F2-A0E8DACC17E0}"
EndProject
Project("{FAE04EC0-301F-11D3-BF4B-00C04F79EFBC}") = "ToDoList", "..\ToDoList\ToDoList.csproj", "{76BC0045-AC58-4654-9183-5F8EB7EB5A9E}"
EndProject
Project("{FAE04EC0-301F-11D3-BF4B-00C04F79EFBC}") = "EstoqueSimples", "..\EstoqueSimples\EstoqueSimples.csproj", "{D4AE39A6-760E-4C0F-AF03-622D082C10B9}"
EndProject
Project("{FAE04EC0-301F-11D3-BF4B-00C04F79EFBC}") = "ToDoListPersistencia", "..\ToDoListPersistencia\ToDoListPersistencia.csproj", "{3A9F75EA-9AC1-4A5E-BFAF-4534AC7A91C3}"
EndProject
Project("{FAE04EC0-301F-11D3-BF4B-00C04F79EFBC}") = "AdivinhandoNumeroSalvandoTxt", "..\AdivinhandoNumeroSalvandoTxt\AdivinhandoNumeroSalvandoTxt.csproj", "{9B527822-87A8-4CA7-B829-91EDBB120841}"
EndProject
Project("{FAE04EC0-301F-11D3-BF4B-00C04F79EFBC}") = "Diario", "..\Diario\Diario.csproj", "{21118453-4AF8-48B9-B47F-8C0FE2682C4C}"
EndProject
Project("{FAE04EC0-301F-11D3-BF4B-00C04F79EFBC}") = "GerenciadorNotasAlunos", "..\GerenciadorNotasAlunos\GerenciadorNotasAlunos.csproj", "{75563245-261B-43A4-B475-3D7E57500522}"
EndProject
Project("{FAE04EC0-301F-11D3-BF4B-00C04F79EFBC}") = "AuditorFinanceiro", "..\AuditorFinanceiro\AuditorFinanceiro.csproj", "{B9353842-CC05-4C2F-B511-70C66092F63E}"
EndProject
Project("{FAE04EC0-301F-11D3-BF4B-00C04F79EFBC}") = "CruzandoPagamentos", "..\CruzandoPagamentos\CruzandoPagamentos.csproj", "{A46319BF-86CE-4B42-8906-84F9FE67B74B}"
EndProject
Project("{FAE04EC0-301F-11D3-BF4B-00C04F79EFBC}") = "GerenciadorPersonagensRPG", "..\GerenciadorPersonagensRPG\GerenciadorPersonagensRPG.csproj", "{D4E52BFA-234B-400C-8288-ADBE769A3DAD}"
EndProject
Project("{FAE04EC0-301F-11D3-BF4B-00C04F79EFBC}") = "SistemaMultiUsuarios", "..\SistemaMultiUsuarios\SistemaMultiUsuarios.csproj", "{D0725ED5-4D6F-4AEB-ADBF-AC86E8E067AE}"
EndProject
Project("{FAE04EC0-301F-11D3-BF4B-00C04F79EFBC}") = "MiniSistemaVendasEstoque", "..\MiniSistemaVendasEstoque\MiniSistemaVendasEstoque.csproj", "{C1A3309F-47B5-4BB2-865C-78E8B5E8BD59}"
EndProject
Project("{FAE04EC0-301F-11D3-BF4B-00C04F79EFBC}") = "BoletimEscolar", "..\BoletimEscolar\BoletimEscolar.csproj", "{7D663867-5608-4FC2-98C4-51DA3971B59A}"
EndProject
Project("{FAE04EC0-301F-11D3-BF4B-00C04F79EFBC}") = "AnalisePessoas(RH)", "..\AnalisePessoas(RH)\AnalisePessoas(RH).csproj", "{3CCC98CE-1005-47CC-B7F1-A58B4DFEAC03}"
EndProject
Project("{FAE04EC0-301F-11D3-BF4B-00C04F79EFBC}") = "AnalistaTrafegoWeb", "..\AnalistaTrafegoWeb\AnalistaTrafegoWeb.csproj", "{935EA381-D62F-495E-A498-43EB913357AB}"
EndProject
Global
	GlobalSection(SolutionConfigurationPlatforms) = preSolution
		Debug|Any CPU = Debug|Any CPU
		Release|Any CPU = Release|Any CPU
	EndGlobalSection
	GlobalSection(ProjectConfigurationPlatforms) = postSolution
		{74FFEC68-473C-46EC-902A-A19E590D21DC}.Debug|Any CPU.ActiveCfg = Debug|Any CPU
		{74FFEC68-473C-46EC-902A-A19E590D21DC}.Debug|Any CPU.Build.0 = Debug|Any CPU
		{74FFEC68-473C-46EC-902A-A19E590D21DC}.Release|Any CPU.ActiveCfg = Release|Any CPU
		{74FFEC68-473C-46EC-902A-A19E590D21DC}.Release|Any CPU.Build.0 = Release|Any CPU
		{3BB006B1-626B-49A0-92AC-9849031A9EEB}.Debug|Any CPU.ActiveCfg = Debug|Any CPU
		{3BB006B1-626B-49A0-92AC-9849031A9EEB}.Debug|Any CPU.Build.0 = Debug|Any CPU
		{3BB006B1-626B-49A0-92AC-9849031A9EEB}.Release|Any CPU.ActiveCfg = Release|Any CPU
		{3BB006B1-626B-49A0-92AC-9849031A9EEB}.Release|Any CPU.Build.0 = Release|Any CPU
		{C75A1D78-F408-4B21-BCA3-6080CFA13EC8}.Debug|Any CPU.ActiveCfg = Debug|Any CPU
		{C75A1D78-F408-4B21-BCA3-6080CFA13EC8}.Debug|Any CPU.Build.0 = Debug|Any CPU
		{C75A1D78-F408-4B21-BCA3-6080CFA13EC8}.Release|Any CPU.ActiveCfg = Release|Any CPU
		{C75A1D78-F408-4B21-BCA3-6080CFA13EC8}.Release|Any CPU.Build.0 = Release|Any CPU
		{0D256E50-DD48-4CC0-8049-46E6FACC5490}.Debug|Any CPU.ActiveCfg = Debug|Any CPU
		{0D256E50-DD48-4CC0-8049-46E6FACC5490}.Debug|Any CPU.Build.0 = Debug|Any CPU
		{0D256E50-DD48-4CC0-8049-46E6FACC5490}.Release|Any CPU.ActiveCfg = Release|Any CPU
		{0D256E50-DD48-4CC0-8049-46E6FACC5490}.Release|Any CPU.Build.0 = Release|Any CPU
		{71C22366-8344-4AA6-B154-E3F52CDF1E7C}.Debug|Any CPU.ActiveCfg = Debug|Any CPU
		{71C22366-8344-4AA6-B154-E3F52CDF1E7C}.Debug|Any CPU.Build.0 = Debug|Any CPU
		{71C22366-8344-4AA6-B154-E3F52CDF1E7C}.Release|Any CPU.ActiveCfg = Release|Any CPU
		{71C22366-8344-4AA6-B154-E3F52CDF1E7C}.Release|Any CPU.Build.0 = Release|Any CPU
		{E3F7B8AD-C7C0-45BD-A7F2-A0E8DACC17E0}.Debug|Any CPU.ActiveCfg = Debug|Any CPU
		{E3F7B8AD-C7C0-45BD-A7F2-A0E8DACC17E0}.Debug|Any CPU.Build.0 = Debug|Any CPU
		{E3F7B8AD-C7C0-45BD-A7F2-A0E8DACC17E0}.Release|Any CPU.ActiveCfg = Release|Any CPU
		{E3F7B8AD-C7C0-45BD-A7F2-A0E8DACC17E0}.Release|Any CPU.Build.0 = Release|Any CPU
		{76BC0045-AC58-4654-9183-5F8EB7EB5A9E}.Debug|Any CPU.ActiveCfg = Debug|Any CPU
		{76BC0045-AC58-4654-9183-5F8EB7EB5A9E}.Debug|Any CPU.Build.0 = Debug|Any CPU
		{76BC0045-AC58-4654-9183-5F8EB7EB5A9E}.Release|Any CPU.ActiveCfg = Release|Any CPU
		{76BC0045-AC58-4654-9183-5F8EB7EB5A9E}.Release|Any CPU.Build.0 = Release|Any CPU
		{D4AE39A6-760E-4C0F-AF03-622D082C10B9}.Debug|Any CPU.ActiveCfg = Debug|Any CPU
		{D4AE39A6-760E-4C0F-AF03-622D082C10B9}.Debug|Any CPU.Build.0 = Debug|Any CPU
		{D4AE39A6-760E-4C0F-AF03-622D082C10B9}.Release|Any CPU.ActiveCfg = Release|Any CPU
		{D4AE39A6-760E-4C0F-AF03-622D082C10B9}.Release|Any CPU.Build.0 = Release|Any CPU
		{3A9F75EA-9AC1-4A5E-BFAF-4534AC7A91C3}.Debug|Any CPU.ActiveCfg = Debug|Any CPU
		{3A9F75EA-9AC1-4A5E-BFAF-4534AC7A91C3}.Debug|Any CPU.Build.0 = Debug|Any CPU
		{3A9F75EA-9AC1-4A5E-BFAF-4534AC7A91C3}.Release|Any CPU.ActiveCfg = Release|Any CPU
		{3A9F75EA-9AC1-4A5E-BFAF-4534AC7A91C3}.Release|Any CPU.Build.0 = Release|Any CPU
		{9B527822-87A8-4CA7-B829-91EDBB120841}.Debug|Any CPU.ActiveCfg = Debug|Any CPU
		{9B527822-87A8-4CA7-B829-91EDBB120841}.Debug|Any CPU.Build.0 = Debug|Any CPU
		{9B527822-87A8-4CA7-B829-91EDBB120841}.Release|Any CPU.ActiveCfg = Release|Any CPU
		{9B527822-87A8-4CA7-B829-91EDBB120841}.Release|Any CPU.Build.0 = Release|Any CPU
		{21118453-4AF8-48B9-B47F-8C0FE2682C4C}.Debug|Any CPU.ActiveCfg = Debug|Any CPU
		{21118453-4AF8-48B9-B47F-8C0FE2682C4C}.Debug|Any CPU.Build.0 = Debug|Any CPU
		{21118453-4AF8-48B9-B47F-8C0FE2682C4C}.Release|Any CPU.ActiveCfg = Release|Any CPU
		{21118453-4AF8-48B9-B47F-8C0FE2682C4C}.Release|Any CPU.Build.0 = Release|Any CPU
		{75563245-261B-43A4-B475-3D7E57500522}.Debug|Any CPU.ActiveCfg = Debug|Any CPU
		{75563245-261B-43A4-B475-3D7E57500522}.Debug|Any CPU.Build.0 = Debug|Any CPU
		{75563245-261B-43A4-B475-3D7E57500522}.Release|Any CPU.ActiveCfg = Release|Any CPU
		{75563245-261B-43A4-B475-3D7E57500522}.Release|Any CPU.Build.0 = Release|Any CPU
		{B9353842-CC05-4C2F-B511-70C66092F63E}.Debug|Any CPU.ActiveCfg = Debug|Any CPU
		{B9353842-CC05-4C2F-B511-70C66092F63E}.Debug|Any CPU.Build.0 = Debug|Any CPU
		{B9353842-CC05-4C2F-B511-70C66092F63E}.Release|Any CPU.ActiveCfg = Release|Any CPU
		{B9353842-CC05-4C2F-B511-70C66092F63E}.Release|Any CPU.Build.0 = Release|Any CPU
		{A46319BF-86CE-4B42-8906-84F9FE67B74B}.Debug|Any CPU.ActiveCfg = Debug|Any CPU
		{A46319BF-86CE-4B42-8906-84F9FE67B74B}.Debug|Any CPU.Build.0 = Debug|Any CPU
		{A46319BF-86CE-4B42-8906-84F9FE67B74B}.Release|Any CPU.ActiveCfg = Release|Any CPU
		{A46319BF-86CE-4B42-8906-84F9FE67B74B}.Release|Any CPU.Build.0 = Release|Any CPU
		{D4E52BFA-234B-400C-8288-ADBE769A3DAD}.Debug|Any CPU.ActiveCfg = Debug|Any CPU
		{D4E52BFA-234B-400C-8288-ADBE769A3DAD}.Debug|Any CPU.Build.0 = Debug|Any CPU
		{D4E52BFA-234B-400C-8288-ADBE769A3DAD}.Release|Any CPU.ActiveCfg = Release|Any CPU
		{D4E52BFA-234B-400C-8288-ADBE769A3DAD}.Release|Any CPU.Build.0 = Release|Any CPU
		{D0725ED5-4D6F-4AEB-ADBF-AC86E8E067AE}.Debug|Any CPU.ActiveCfg = Debug|Any CPU
		{D0725ED5-4D6F-4AEB-ADBF-AC86E8E067AE}.Debug|Any CPU.Build.0 = Debug|Any CPU
		{D0725ED5-4D6F-4AEB-ADBF-AC86E8E067AE}.Release|Any CPU.ActiveCfg = Release|Any CPU
		{D0725ED5-4D6F-4AEB-ADBF-AC86E8E067AE}.Release|Any CPU.Build.0 = Release|Any CPU
		{C1A3309F-47B5-4BB2-865C-78E8B5E8BD59}.Debug|Any CPU.ActiveCfg = Debug|Any CPU
		{C1A3309F-47B5-4BB2-865C-78E8B5E8BD59}.Debug|Any CPU.Build.0 = Debug|Any CPU
		{C1A3309F-47B5-4BB2-865C-78E8B5E8BD59}.Release|Any CPU.ActiveCfg = Release|Any CPU
		{C1A3309F-47B5-4BB2-865C-78E8B5E8BD59}.Release|Any CPU.Build.0 = Release|Any CPU
		{7D663867-5608-4FC2-98C4-51DA3971B59A}.Debug|Any CPU.ActiveCfg = Debug|Any CPU
		{7D663867-5608-4FC2-98C4-51DA3971B59A}.Debug|Any CPU.Build.0 = Debug|Any CPU
		{7D663867-5608-4FC2-98C4-51DA3971B59A}.Release|Any CPU.ActiveCfg = Release|Any CPU
		{7D663867-5608-4FC2-98C4-51DA3971B59A}.Release|Any CPU.Build.0 = Release|Any CPU
		{3CCC98CE-1005-47CC-B7F1-A58B4DFEAC03}.Debug|Any CPU.ActiveCfg = Debug|Any CPU
		{3CCC98CE-1005-47CC-B7F1-A58B4DFEAC03}.Debug|Any CPU.Build.0 = Debug|Any CPU
		{3CCC98CE-1005-47CC-B7F1-A58B4DFEAC03}.Release|Any CPU.ActiveCfg = Release|Any CPU
		{3CCC98CE-1005-47CC-B7F1-A58B4DFEAC03}.Release|Any CPU.Build.0 = Release|Any CPU
		{935EA381-D62F-495E-A498-43EB913357AB}.Debug|Any CPU.ActiveCfg = Debug|Any CPU
		{935EA381-D62F-495E-A498-43EB913357AB}.Debug|Any CPU.Build.0 = Debug|Any CPU
		{935EA381-D62F-495E-A498-43EB913357AB}.Release|Any CPU.ActiveCfg = Release|Any CPU
		{935EA381-D62F-495E-A498-43EB913357AB}.Release|Any CPU.Build.0 = Release|Any CPU
	EndGlobalSection
	GlobalSection(SolutionProperties) = preSolution
		HideSolutionNode = FALSE
	EndGlobalSection
	GlobalSection(ExtensibilityGlobals) = postSolution
		SolutionGuid = {9C524D6E-5217-42FE-BD7A-AB20D9D5D7B9}
	EndGlobalSection
EndGlobal
